dependencies:
- name: ingress-route
  repository: https://raw.githubusercontent.com/v-braun/traefik-ingress-route-chart/master/ingress-route/
  version: 1.0.0
- name: ingress-route
  repository: https://raw.githubusercontent.com/v-braun/traefik-ingress-route-chart/master/ingress-route/
  version: 1.0.0
- name: middleware
  repository: https://raw.githubusercontent.com/v-braun/traefik-middleware-chart/master/middleware/
  version: 1.0.0
- name: middleware
  repository: https://raw.githubusercontent.com/v-braun/traefik-middleware-chart/master/middleware/
  version: 1.0.0
digest: sha256:d0cb7d202c0122687648819c476307280aac2f6dc599624d0ed8b7c8df76d3ea
generated: "2020-05-03T00:46:51.036169+02:00"
